// !$*UTF8*$!
{
	archiveVersion = 1;
	classes = {
	};
	objectVersion = 46;
	objects = {

/* Begin PBXBuildFile section */
		4B2A83BB1AFBBA2D00FA8355 /* AllListsViewController.m in Sources */ = {isa = PBXBuildFile; fileRef = 4B2A83BA1AFBBA2D00FA8355 /* AllListsViewController.m */; };
		4B2A83BE1AFBBAEC00FA8355 /* Checklist.m in Sources */ = {isa = PBXBuildFile; fileRef = 4B2A83BD1AFBBAEC00FA8355 /* Checklist.m */; };
		4B2A83C11AFBC11E00FA8355 /* ChecklistItem.m in Sources */ = {isa = PBXBuildFile; fileRef = 4B2A83C01AFBC11E00FA8355 /* ChecklistItem.m */; };
		4B5C22E01AF92586000712C6 /* ChecklistViewController.m in Sources */ = {isa = PBXBuildFile; fileRef = 4B5C22DF1AF92586000712C6 /* ChecklistViewController.m */; };
		4B5C22E91AF92C26000712C6 /* ListDetailViewController.m in Sources */ = {isa = PBXBuildFile; fileRef = 4B5C22E81AF92C26000712C6 /* ListDetailViewController.m */; };
		4B5D7D6C1AFE831000F05D48 /* DataModel.m in Sources */ = {isa = PBXBuildFile; fileRef = 4B5D7D6B1AFE831000F05D48 /* DataModel.m */; };
		4BD8B7E71AD03E3C0097CAEC /* main.m in Sources */ = {isa = PBXBuildFile; fileRef = 4BD8B7E61AD03E3C0097CAEC /* main.m */; };
		4BD8B7EA1AD03E3C0097CAEC /* ChecklistsAppDelegate.m in Sources */ = {isa = PBXBuildFile; fileRef = 4BD8B7E91AD03E3C0097CAEC /* ChecklistsAppDelegate.m */; };
		4BD8B7F01AD03E3C0097CAEC /* Main.storyboard in Resources */ = {isa = PBXBuildFile; fileRef = 4BD8B7EE1AD03E3C0097CAEC /* Main.storyboard */; };
		4BD8B7F21AD03E3C0097CAEC /* Images.xcassets in Resources */ = {isa = PBXBuildFile; fileRef = 4BD8B7F11AD03E3C0097CAEC /* Images.xcassets */; };
		4BD8B7F51AD03E3C0097CAEC /* LaunchScreen.xib in Resources */ = {isa = PBXBuildFile; fileRef = 4BD8B7F31AD03E3C0097CAEC /* LaunchScreen.xib */; };
		4BD8B8011AD03E3C0097CAEC /* ChecklistTests.m in Sources */ = {isa = PBXBuildFile; fileRef = 4BD8B8001AD03E3C0097CAEC /* ChecklistTests.m */; };
		4BD8B8121AD428530097CAEC /* ItemDetailViewController.m in Sources */ = {isa = PBXBuildFile; fileRef = 4BD8B8111AD428530097CAEC /* ItemDetailViewController.m */; };
/* End PBXBuildFile section */

/* Begin PBXContainerItemProxy section */
		4BD8B7FB1AD03E3C0097CAEC /* PBXContainerItemProxy */ = {
			isa = PBXContainerItemProxy;
			containerPortal = 4BD8B7D91AD03E3C0097CAEC /* Project object */;
			proxyType = 1;
			remoteGlobalIDString = 4BD8B7E01AD03E3C0097CAEC;
			remoteInfo = Checklist;
		};
/* End PBXContainerItemProxy section */

/* Begin PBXFileReference section */
		4B2A83B91AFBBA2D00FA8355 /* AllListsViewController.h */ = {isa = PBXFileReference; fileEncoding = 4; lastKnownFileType = sourcecode.c.h; path = AllListsViewController.h; sourceTree = "<group>"; };
		4B2A83BA1AFBBA2D00FA8355 /* AllListsViewController.m */ = {isa = PBXFileReference; fileEncoding = 4; lastKnownFileType = sourcecode.c.objc; path = AllListsViewController.m; sourceTree = "<group>"; };
		4B2A83BC1AFBBAEC00FA8355 /* Checklist.h */ = {isa = PBXFileReference; fileEncoding = 4; lastKnownFileType = sourcecode.c.h; path = Checklist.h; sourceTree = "<group>"; };
		4B2A83BD1AFBBAEC00FA8355 /* Checklist.m */ = {isa = PBXFileReference; fileEncoding = 4; lastKnownFileType = sourcecode.c.objc; path = Checklist.m; sourceTree = "<group>"; };
		4B2A83BF1AFBC11E00FA8355 /* ChecklistItem.h */ = {isa = PBXFileReference; fileEncoding = 4; lastKnownFileType = sourcecode.c.h; path = ChecklistItem.h; sourceTree = "<group>"; };
		4B2A83C01AFBC11E00FA8355 /* ChecklistItem.m */ = {isa = PBXFileReference; fileEncoding = 4; lastKnownFileType = sourcecode.c.objc; path = ChecklistItem.m; sourceTree = "<group>"; };
		4B5C22DE1AF92586000712C6 /* ChecklistViewController.h */ = {isa = PBXFileReference; fileEncoding = 4; lastKnownFileType = sourcecode.c.h; path = ChecklistViewController.h; sourceTree = "<group>"; };
		4B5C22DF1AF92586000712C6 /* ChecklistViewController.m */ = {isa = PBXFileReference; fileEncoding = 4; lastKnownFileType = sourcecode.c.objc; path = ChecklistViewController.m; sourceTree = "<group>"; };
		4B5C22E71AF92C26000712C6 /* ListDetailViewController.h */ = {isa = PBXFileReference; fileEncoding = 4; lastKnownFileType = sourcecode.c.h; path = ListDetailViewController.h; sourceTree = "<group>"; };
		4B5C22E81AF92C26000712C6 /* ListDetailViewController.m */ = {isa = PBXFileReference; fileEncoding = 4; lastKnownFileType = sourcecode.c.objc; path = ListDetailViewController.m; sourceTree = "<group>"; };
		4B5D7D6A1AFE831000F05D48 /* DataModel.h */ = {isa = PBXFileReference; fileEncoding = 4; lastKnownFileType = sourcecode.c.h; path = DataModel.h; sourceTree = "<group>"; };
		4B5D7D6B1AFE831000F05D48 /* DataModel.m */ = {isa = PBXFileReference; fileEncoding = 4; lastKnownFileType = sourcecode.c.objc; path = DataModel.m; sourceTree = "<group>"; };
		4BD8B7E11AD03E3C0097CAEC /* Checklist.app */ = {isa = PBXFileReference; explicitFileType = wrapper.application; includeInIndex = 0; path = Checklist.app; sourceTree = BUILT_PRODUCTS_DIR; };
		4BD8B7E51AD03E3C0097CAEC /* Info.plist */ = {isa = PBXFileReference; lastKnownFileType = text.plist.xml; path = Info.plist; sourceTree = "<group>"; };
		4BD8B7E61AD03E3C0097CAEC /* main.m */ = {isa = PBXFileReference; lastKnownFileType = sourcecode.c.objc; path = main.m; sourceTree = "<group>"; };
		4BD8B7E81AD03E3C0097CAEC /* ChecklistsAppDelegate.h */ = {isa = PBXFileReference; lastKnownFileType = sourcecode.c.h; path = ChecklistsAppDelegate.h; sourceTree = "<group>"; };
		4BD8B7E91AD03E3C0097CAEC /* ChecklistsAppDelegate.m */ = {isa = PBXFileReference; lastKnownFileType = sourcecode.c.objc; path = ChecklistsAppDelegate.m; sourceTree = "<group>"; };
		4BD8B7EF1AD03E3C0097CAEC /* Base */ = {isa = PBXFileReference; lastKnownFileType = file.storyboard; name = Base; path = Base.lproj/Main.storyboard; sourceTree = "<group>"; };
		4BD8B7F11AD03E3C0097CAEC /* Images.xcassets */ = {isa = PBXFileReference; lastKnownFileType = folder.assetcatalog; path = Images.xcassets; sourceTree = "<group>"; };
		4BD8B7F41AD03E3C0097CAEC /* Base */ = {isa = PBXFileReference; lastKnownFileType = file.xib; name = Base; path = Base.lproj/LaunchScreen.xib; sourceTree = "<group>"; };
		4BD8B7FA1AD03E3C0097CAEC /* ChecklistTests.xctest */ = {isa = PBXFileReference; explicitFileType = wrapper.cfbundle; includeInIndex = 0; path = ChecklistTests.xctest; sourceTree = BUILT_PRODUCTS_DIR; };
		4BD8B7FF1AD03E3C0097CAEC /* Info.plist */ = {isa = PBXFileReference; lastKnownFileType = text.plist.xml; path = Info.plist; sourceTree = "<group>"; };
		4BD8B8001AD03E3C0097CAEC /* ChecklistTests.m */ = {isa = PBXFileReference; lastKnownFileType = sourcecode.c.objc; path = ChecklistTests.m; sourceTree = "<group>"; };
		4BD8B8101AD428530097CAEC /* ItemDetailViewController.h */ = {isa = PBXFileReference; fileEncoding = 4; lastKnownFileType = sourcecode.c.h; path = ItemDetailViewController.h; sourceTree = "<group>"; };
		4BD8B8111AD428530097CAEC /* ItemDetailViewController.m */ = {isa = PBXFileReference; fileEncoding = 4; lastKnownFileType = sourcecode.c.objc; path = ItemDetailViewController.m; sourceTree = "<group>"; };
/* End PBXFileReference section */

/* Begin PBXFrameworksBuildPhase section */
		4BD8B7DE1AD03E3C0097CAEC /* Frameworks */ = {
			isa = PBXFrameworksBuildPhase;
			buildActionMask = 2147483647;
			files = (
			);
			runOnlyForDeploymentPostprocessing = 0;
		};
		4BD8B7F71AD03E3C0097CAEC /* Frameworks */ = {
			isa = PBXFrameworksBuildPhase;
			buildActionMask = 2147483647;
			files = (
			);
			runOnlyForDeploymentPostprocessing = 0;
		};
/* End PBXFrameworksBuildPhase section */

/* Begin PBXGroup section */
		4BD8B7D81AD03E3C0097CAEC = {
			isa = PBXGroup;
			children = (
				4BD8B7E31AD03E3C0097CAEC /* Checklist */,
				4BD8B7E21AD03E3C0097CAEC /* Products */,
			);
			sourceTree = "<group>";
		};
		4BD8B7E21AD03E3C0097CAEC /* Products */ = {
			isa = PBXGroup;
			children = (
				4BD8B7E11AD03E3C0097CAEC /* Checklist.app */,
				4BD8B7FA1AD03E3C0097CAEC /* ChecklistTests.xctest */,
			);
			name = Products;
			sourceTree = "<group>";
		};
		4BD8B7E31AD03E3C0097CAEC /* Checklist */ = {
			isa = PBXGroup;
			children = (
				4BD8B7E81AD03E3C0097CAEC /* ChecklistsAppDelegate.h */,
				4BD8B7E91AD03E3C0097CAEC /* ChecklistsAppDelegate.m */,
				4BD8B8101AD428530097CAEC /* ItemDetailViewController.h */,
				4BD8B8111AD428530097CAEC /* ItemDetailViewController.m */,
				4B2A83BF1AFBC11E00FA8355 /* ChecklistItem.h */,
				4B2A83C01AFBC11E00FA8355 /* ChecklistItem.m */,
				4B5C22DE1AF92586000712C6 /* ChecklistViewController.h */,
				4B5C22DF1AF92586000712C6 /* ChecklistViewController.m */,
				4B2A83B91AFBBA2D00FA8355 /* AllListsViewController.h */,
				4B2A83BA1AFBBA2D00FA8355 /* AllListsViewController.m */,
				4B5C22E71AF92C26000712C6 /* ListDetailViewController.h */,
				4B5C22E81AF92C26000712C6 /* ListDetailViewController.m */,
				4B2A83BC1AFBBAEC00FA8355 /* Checklist.h */,
				4B2A83BD1AFBBAEC00FA8355 /* Checklist.m */,
				4B5D7D6A1AFE831000F05D48 /* DataModel.h */,
				4B5D7D6B1AFE831000F05D48 /* DataModel.m */,
				4BD8B7EE1AD03E3C0097CAEC /* Main.storyboard */,
				4BD8B7F11AD03E3C0097CAEC /* Images.xcassets */,
				4BD8B7F31AD03E3C0097CAEC /* LaunchScreen.xib */,
				4BD8B7E41AD03E3C0097CAEC /* Supporting Files */,
				4BD8B7FD1AD03E3C0097CAEC /* ChecklistTests */,
			);
			path = Checklist;
			sourceTree = "<group>";
		};
		4BD8B7E41AD03E3C0097CAEC /* Supporting Files */ = {
			isa = PBXGroup;
			children = (
				4BD8B7E51AD03E3C0097CAEC /* Info.plist */,
				4BD8B7E61AD03E3C0097CAEC /* main.m */,
			);
			name = "Supporting Files";
			sourceTree = "<group>";
		};
		4BD8B7FD1AD03E3C0097CAEC /* ChecklistTests */ = {
			isa = PBXGroup;
			children = (
				4BD8B8001AD03E3C0097CAEC /* ChecklistTests.m */,
				4BD8B7FE1AD03E3C0097CAEC /* Supporting Files */,
			);
			path = ChecklistTests;
			sourceTree = SOURCE_ROOT;
		};
		4BD8B7FE1AD03E3C0097CAEC /* Supporting Files */ = {
			isa = PBXGroup;
			children = (
				4BD8B7FF1AD03E3C0097CAEC /* Info.plist */,
			);
			name = "Supporting Files";
			sourceTree = "<group>";
		};
/* End PBXGroup section */

/* Begin PBXNativeTarget section */
		4BD8B7E01AD03E3C0097CAEC /* Checklist */ = {
			isa = PBXNativeTarget;
			buildConfigurationList = 4BD8B8041AD03E3C0097CAEC /* Build configuration list for PBXNativeTarget "Checklist" */;
			buildPhases = (
				4BD8B7DD1AD03E3C0097CAEC /* Sources */,
				4BD8B7DE1AD03E3C0097CAEC /* Frameworks */,
				4BD8B7DF1AD03E3C0097CAEC /* Resources */,
			);
			buildRules = (
			);
			dependencies = (
			);
			name = Checklist;
			productName = Checklist;
			productReference = 4BD8B7E11AD03E3C0097CAEC /* Checklist.app */;
			productType = "com.apple.product-type.application";
		};
		4BD8B7F91AD03E3C0097CAEC /* ChecklistTests */ = {
			isa = PBXNativeTarget;
			buildConfigurationList = 4BD8B8071AD03E3C0097CAEC /* Build configuration list for PBXNativeTarget "ChecklistTests" */;
			buildPhases = (
				4BD8B7F61AD03E3C0097CAEC /* Sources */,
				4BD8B7F71AD03E3C0097CAEC /* Frameworks */,
				4BD8B7F81AD03E3C0097CAEC /* Resources */,
			);
			buildRules = (
			);
			dependencies = (
				4BD8B7FC1AD03E3C0097CAEC /* PBXTargetDependency */,
			);
			name = ChecklistTests;
			productName = ChecklistTests;
			productReference = 4BD8B7FA1AD03E3C0097CAEC /* ChecklistTests.xctest */;
			productType = "com.apple.product-type.bundle.unit-test";
		};
/* End PBXNativeTarget section */

/* Begin PBXProject section */
		4BD8B7D91AD03E3C0097CAEC /* Project object */ = {
			isa = PBXProject;
			attributes = {
				LastUpgradeCheck = 0620;
				ORGANIZATIONNAME = honglei;
				TargetAttributes = {
					4BD8B7E01AD03E3C0097CAEC = {
						CreatedOnToolsVersion = 6.2;
					};
					4BD8B7F91AD03E3C0097CAEC = {
						CreatedOnToolsVersion = 6.2;
						TestTargetID = 4BD8B7E01AD03E3C0097CAEC;
					};
				};
			};
			buildConfigurationList = 4BD8B7DC1AD03E3C0097CAEC /* Build configuration list for PBXProject "Checklist" */;
			compatibilityVersion = "Xcode 3.2";
			developmentRegion = English;
			hasScannedForEncodings = 0;
			knownRegions = (
				en,
				Base,
			);
			mainGroup = 4BD8B7D81AD03E3C0097CAEC;
			productRefGroup = 4BD8B7E21AD03E3C0097CAEC /* Products */;
			projectDirPath = "";
			projectRoot = "";
			targets = (
				4BD8B7E01AD03E3C0097CAEC /* Checklist */,
				4BD8B7F91AD03E3C0097CAEC /* ChecklistTests */,
			);
		};
/* End PBXProject section */

/* Begin PBXResourcesBuildPhase section */
		4BD8B7DF1AD03E3C0097CAEC /* Resources */ = {
			isa = PBXResourcesBuildPhase;
			buildActionMask = 2147483647;
			files = (
				4BD8B7F01AD03E3C0097CAEC /* Main.storyboard in Resources */,
				4BD8B7F51AD03E3C0097CAEC /* LaunchScreen.xib in Resources */,
				4BD8B7F21AD03E3C0097CAEC /* Images.xcassets in Resources */,
			);
			runOnlyForDeploymentPostprocessing = 0;
		};
		4BD8B7F81AD03E3C0097CAEC /* Resources */ = {
			isa = PBXResourcesBuildPhase;
			buildActionMask = 2147483647;
			files = (
			);
			runOnlyForDeploymentPostprocessing = 0;
		};
/* End PBXResourcesBuildPhase section */

/* Begin PBXSourcesBuildPhase section */
		4BD8B7DD1AD03E3C0097CAEC /* Sources */ = {
			isa = PBXSourcesBuildPhase;
			buildActionMask = 2147483647;
			files = (
				4B2A83BE1AFBBAEC00FA8355 /* Checklist.m in Sources */,
				4BD8B7EA1AD03E3C0097CAEC /* ChecklistsAppDelegate.m in Sources */,
				4B5D7D6C1AFE831000F05D48 /* DataModel.m in Sources */,
				4BD8B7E71AD03E3C0097CAEC /* main.m in Sources */,
				4B2A83C11AFBC11E00FA8355 /* ChecklistItem.m in Sources */,
				4B2A83BB1AFBBA2D00FA8355 /* AllListsViewController.m in Sources */,
				4B5C22E91AF92C26000712C6 /* ListDetailViewController.m in Sources */,
				4B5C22E01AF92586000712C6 /* ChecklistViewController.m in Sources */,
				4BD8B8121AD428530097CAEC /* ItemDetailViewController.m in Sources */,
			);
			runOnlyForDeploymentPostprocessing = 0;
		};
		4BD8B7F61AD03E3C0097CAEC /* Sources */ = {
			isa = PBXSourcesBuildPhase;
			buildActionMask = 2147483647;
			files = (
				4BD8B8011AD03E3C0097CAEC /* ChecklistTests.m in Sources */,
			);
			runOnlyForDeploymentPostprocessing = 0;
		};
/* End PBXSourcesBuildPhase section */

/* Begin PBXTargetDependency section */
		4BD8B7FC1AD03E3C0097CAEC /* PBXTargetDependency */ = {
			isa = PBXTargetDependency;
			target = 4BD8B7E01AD03E3C0097CAEC /* Checklist */;
			targetProxy = 4BD8B7FB1AD03E3C0097CAEC /* PBXContainerItemProxy */;
		};
/* End PBXTargetDependency section */

/* Begin PBXVariantGroup section */
		4BD8B7EE1AD03E3C0097CAEC /* Main.storyboard */ = {
			isa = PBXVariantGroup;
			children = (
				4BD8B7EF1AD03E3C0097CAEC /* Base */,
			);
			name = Main.storyboard;
			sourceTree = "<group>";
		};
		4BD8B7F31AD03E3C0097CAEC /* LaunchScreen.xib */ = {
			isa = PBXVariantGroup;
			children = (
				4BD8B7F41AD03E3C0097CAEC /* Base */,
			);
			name = LaunchScreen.xib;
			sourceTree = "<group>";
		};
/* End PBXVariantGroup section */

/* Begin XCBuildConfiguration section */
		4BD8B8021AD03E3C0097CAEC /* Debug */ = {
			isa = XCBuildConfiguration;
			buildSettings = {
				ALWAYS_SEARCH_USER_PATHS = NO;
				CLANG_CXX_LANGUAGE_STANDARD = "gnu++0x";
				CLANG_CXX_LIBRARY = "libc++";
				CLANG_ENABLE_MODULES = YES;
				CLANG_ENABLE_OBJC_ARC = YES;
				CLANG_WARN_BOOL_CONVERSION = YES;
				CLANG_WARN_CONSTANT_CONVERSION = YES;
				CLANG_WARN_DIRECT_OBJC_ISA_USAGE = YES_ERROR;
				CLANG_WARN_EMPTY_BODY = YES;
				CLANG_WARN_ENUM_CONVERSION = YES;
				CLANG_WARN_INT_CONVERSION = YES;
				CLANG_WARN_OBJC_ROOT_CLASS = YES_ERROR;
				CLANG_WARN_UNREACHABLE_CODE = YES;
				CLANG_WARN__DUPLICATE_METHOD_MATCH = YES;
				"CODE_SIGN_IDENTITY[sdk=iphoneos*]" = "iPhone Developer";
				COPY_PHASE_STRIP = NO;
				ENABLE_STRICT_OBJC_MSGSEND = YES;
				GCC_C_LANGUAGE_STANDARD = gnu99;
				GCC_DYNAMIC_NO_PIC = NO;
				GCC_OPTIMIZATION_LEVEL = 0;
				GCC_PREPROCESSOR_DEFINITIONS = (
					"DEBUG=1",
					"$(inherited)",
				);
				GCC_SYMBOLS_PRIVATE_EXTERN = NO;
				GCC_WARN_64_TO_32_BIT_CONVERSION = YES;
				GCC_WARN_ABOUT_RETURN_TYPE = YES_ERROR;
				GCC_WARN_UNDECLARED_SELECTOR = YES;
				GCC_WARN_UNINITIALIZED_AUTOS = YES_AGGRESSIVE;
				GCC_WARN_UNUSED_FUNCTION = YES;
				GCC_WARN_UNUSED_VARIABLE = YES;
				IPHONEOS_DEPLOYMENT_TARGET = 7.0;
				MTL_ENABLE_DEBUG_INFO = YES;
				ONLY_ACTIVE_ARCH = YES;
				SDKROOT = iphoneos;
			};
			name = Debug;
		};
		4BD8B8031AD03E3C0097CAEC /* Release */ = {
			isa = XCBuildConfiguration;
			buildSettings = {
				ALWAYS_SEARCH_USER_PATHS = NO;
				CLANG_CXX_LANGUAGE_STANDARD = "gnu++0x";
				CLANG_CXX_LIBRARY = "libc++";
				CLANG_ENABLE_MODULES = YES;
				CLANG_ENABLE_OBJC_ARC = YES;
				CLANG_WARN_BOOL_CONVERSION = YES;
				CLANG_WARN_CONSTANT_CONVERSION = YES;
				CLANG_WARN_DIRECT_OBJC_ISA_USAGE = YES_ERROR;
				CLANG_WARN_EMPTY_BODY = YES;
				CLANG_WARN_ENUM_CONVERSION = YES;
				CLANG_WARN_INT_CONVERSION = YES;
				CLANG_WARN_OBJC_ROOT_CLASS = YES_ERROR;
				CLANG_WARN_UNREACHABLE_CODE = YES;
				CLANG_WARN__DUPLICATE_METHOD_MATCH = YES;
				"CODE_SIGN_IDENTITY[sdk=iphoneos*]" = "iPhone Developer";
				COPY_PHASE_STRIP = NO;
				ENABLE_NS_ASSERTIONS = NO;
				ENABLE_STRICT_OBJC_MSGSEND = YES;
				GCC_C_LANGUAGE_STANDARD = gnu99;
				GCC_WARN_64_TO_32_BIT_CONVERSION = YES;
				GCC_WARN_ABOUT_RETURN_TYPE = YES_ERROR;
				GCC_WARN_UNDECLARED_SELECTOR = YES;
				GCC_WARN_UNINITIALIZED_AUTOS = YES_AGGRESSIVE;
				GCC_WARN_UNUSED_FUNCTION = YES;
				GCC_WARN_UNUSED_VARIABLE = YES;
				IPHONEOS_DEPLOYMENT_TARGET = 7.0;
				MTL_ENABLE_DEBUG_INFO = NO;
				SDKROOT = iphoneos;
				VALIDATE_PRODUCT = YES;
			};
			name = Release;
		};
		4BD8B8051AD03E3C0097CAEC /* Debug */ = {
			isa = XCBuildConfiguration;
			buildSettings = {
				ASSETCATALOG_COMPILER_APPICON_NAME = AppIcon;
				INFOPLIST_FILE = Checklist/Info.plist;
				IPHONEOS_DEPLOYMENT_TARGET = 7.0;
				LD_RUNPATH_SEARCH_PATHS = "$(inherited) @executable_path/Frameworks";
				PRODUCT_NAME = "$(TARGET_NAME)";
			};
			name = Debug;
		};
		4BD8B8061AD03E3C0097CAEC /* Release */ = {
			isa = XCBuildConfiguration;
			buildSettings = {
				ASSETCATALOG_COMPILER_APPICON_NAME = AppIcon;
				INFOPLIST_FILE = Checklist/Info.plist;
				IPHONEOS_DEPLOYMENT_TARGET = 7.0;
				LD_RUNPATH_SEARCH_PATHS = "$(inherited) @executable_path/Frameworks";
				PRODUCT_NAME = "$(TARGET_NAME)";
			};
			name = Release;
		};
		4BD8B8081AD03E3C0097CAEC /* Debug */ = {
			isa = XCBuildConfiguration;
			buildSettings = {
				BUNDLE_LOADER = "$(TEST_HOST)";
				FRAMEWORK_SEARCH_PATHS = (
					"$(SDKROOT)/Developer/Library/Frameworks",
					"$(inherited)",
				);
				GCC_PREPROCESSOR_DEFINITIONS = (
					"DEBUG=1",
					"$(inherited)",
				);
				INFOPLIST_FILE = ChecklistTests/Info.plist;
				LD_RUNPATH_SEARCH_PATHS = "$(inherited) @executable_path/Frameworks @loader_path/Frameworks";
				PRODUCT_NAME = "$(TARGET_NAME)";
				TEST_HOST = "$(BUILT_PRODUCTS_DIR)/Checklist.app/Checklist";
			};
			name = Debug;
		};
		4BD8B8091AD03E3C0097CAEC /* Release */ = {
			isa = XCBuildConfiguration;
			buildSettings = {
				BUNDLE_LOADER = "$(TEST_HOST)";
				FRAMEWORK_SEARCH_PATHS = (
					"$(SDKROOT)/Developer/Library/Frameworks",
					"$(inherited)",
				);
				INFOPLIST_FILE = ChecklistTests/Info.plist;
				LD_RUNPATH_SEARCH_PATHS = "$(inherited) @executable_path/Frameworks @loader_path/Frameworks";
				PRODUCT_NAME = "$(TARGET_NAME)";
				TEST_HOST = "$(BUILT_PRODUCTS_DIR)/Checklist.app/Checklist";
			};
			name = Release;
		};
/* End XCBuildConfiguration section */

/* Begin XCConfigurationList section */
		4BD8B7DC1AD03E3C0097CAEC /* Build configuration list for PBXProject "Checklist" */ = {
			isa = XCConfigurationList;
			buildConfigurations = (
				4BD8B8021AD03E3C0097CAEC /* Debug */,
				4BD8B8031AD03E3C0097CAEC /* Release */,
			);
			defaultConfigurationIsVisible = 0;
			defaultConfigurationName = Release;
		};
		4BD8B8041AD03E3C0097CAEC /* Build configuration list for PBXNativeTarget "Checklist" */ = {
			isa = XCConfigurationList;
			buildConfigurations = (
				4BD8B8051AD03E3C0097CAEC /* Debug */,
				4BD8B8061AD03E3C0097CAEC /* Release */,
			);
			defaultConfigurationIsVisible = 0;
			defaultConfigurationName = Release;
		};
		4BD8B8071AD03E3C0097CAEC /* Build configuration list for PBXNativeTarget "ChecklistTests" */ = {
			isa = XCConfigurationList;
			buildConfigurations = (
				4BD8B8081AD03E3C0097CAEC /* Debug */,
				4BD8B8091AD03E3C0097CAEC /* Release */,
			);
			defaultConfigurationIsVisible = 0;
			defaultConfigurationName = Release;
		};
/* End XCConfigurationList section */
	};
	rootObject = 4BD8B7D91AD03E3C0097CAEC /* Project object */;
}
